
Microsoft Visual Studio Solution File, Format Version 12.00
# Visual Studio Version 17
VisualStudioVersion = 17.0.31903.59
MinimumVisualStudioVersion = 10.0.40219.1
Project("{FAE04EC0-301F-11D3-BF4B-00C04F79EFBC}") = "Fourard.Result", "Fourard.Result\Fourard.Result.csproj", "{8893CDBF-1F8B-47FB-9F8F-D51A847FBB63}"
EndProject
Project("{FAE04EC0-301F-11D3-BF4B-00C04F79EFBC}") = "Fourard.Result.Tests", "Fourard.Result.Tests\Fourard.Result.Tests.csproj", "{94CD75D7-3CF3-4B28-B8BA-76AF252C687E}"
EndProject
Global
	GlobalSection(SolutionConfigurationPlatforms) = preSolution
		Debug|Any CPU = Debug|Any CPU
		Release|Any CPU = Release|Any CPU
	EndGlobalSection
	GlobalSection(SolutionProperties) = preSolution
		HideSolutionNode = FALSE
	EndGlobalSection
	GlobalSection(ProjectConfigurationPlatforms) = postSolution
		{8893CDBF-1F8B-47FB-9F8F-D51A847FBB63}.Debug|Any CPU.ActiveCfg = Debug|Any CPU
		{8893CDBF-1F8B-47FB-9F8F-D51A847FBB63}.Debug|Any CPU.Build.0 = Debug|Any CPU
		{8893CDBF-1F8B-47FB-9F8F-D51A847FBB63}.Release|Any CPU.ActiveCfg = Release|Any CPU
		{8893CDBF-1F8B-47FB-9F8F-D51A847FBB63}.Release|Any CPU.Build.0 = Release|Any CPU
		{94CD75D7-3CF3-4B28-B8BA-76AF252C687E}.Debug|Any CPU.ActiveCfg = Debug|Any CPU
		{94CD75D7-3CF3-4B28-B8BA-76AF252C687E}.Debug|Any CPU.Build.0 = Debug|Any CPU
		{94CD75D7-3CF3-4B28-B8BA-76AF252C687E}.Release|Any CPU.ActiveCfg = Release|Any CPU
		{94CD75D7-3CF3-4B28-B8BA-76AF252C687E}.Release|Any CPU.Build.0 = Release|Any CPU
	EndGlobalSection
EndGlobal
